
Microsoft Visual Studio Solution File, Format Version 12.00
# Visual Studio Version 17
VisualStudioVersion = 17.8.34316.72
MinimumVisualStudioVersion = 10.0.40219.1
Project("{FAE04EC0-301F-11D3-BF4B-00C04F79EFBC}") = "DataAccess", "DataAccess\DataAccess.csproj", "{3580F955-392D-4A5E-A8AF-659E4DFE0353}"
EndProject
Project("{FAE04EC0-301F-11D3-BF4B-00C04F79EFBC}") = "Business", "Business\Business.csproj", "{C7F8F0B2-D6CA-4764-B93E-6B622C2FE373}"
EndProject
Project("{FAE04EC0-301F-11D3-BF4B-00C04F79EFBC}") = "Entities", "Entities\Entities.csproj", "{B181C897-3065-400F-AD91-BCD2400FD365}"
EndProject
Project("{FAE04EC0-301F-11D3-BF4B-00C04F79EFBC}") = "ConsoleUI", "ConsoleUI\ConsoleUI.csproj", "{4B471E16-E33B-4D1E-9F9F-9F58B2437155}"
EndProject
Global
	GlobalSection(SolutionConfigurationPlatforms) = preSolution
		Debug|Any CPU = Debug|Any CPU
		Release|Any CPU = Release|Any CPU
	EndGlobalSection
	GlobalSection(ProjectConfigurationPlatforms) = postSolution
		{3580F955-392D-4A5E-A8AF-659E4DFE0353}.Debug|Any CPU.ActiveCfg = Debug|Any CPU
		{3580F955-392D-4A5E-A8AF-659E4DFE0353}.Debug|Any CPU.Build.0 = Debug|Any CPU
		{3580F955-392D-4A5E-A8AF-659E4DFE0353}.Release|Any CPU.ActiveCfg = Release|Any CPU
		{3580F955-392D-4A5E-A8AF-659E4DFE0353}.Release|Any CPU.Build.0 = Release|Any CPU
		{C7F8F0B2-D6CA-4764-B93E-6B622C2FE373}.Debug|Any CPU.ActiveCfg = Debug|Any CPU
		{C7F8F0B2-D6CA-4764-B93E-6B622C2FE373}.Debug|Any CPU.Build.0 = Debug|Any CPU
		{C7F8F0B2-D6CA-4764-B93E-6B622C2FE373}.Release|Any CPU.ActiveCfg = Release|Any CPU
		{C7F8F0B2-D6CA-4764-B93E-6B622C2FE373}.Release|Any CPU.Build.0 = Release|Any CPU
		{B181C897-3065-400F-AD91-BCD2400FD365}.Debug|Any CPU.ActiveCfg = Debug|Any CPU
		{B181C897-3065-400F-AD91-BCD2400FD365}.Debug|Any CPU.Build.0 = Debug|Any CPU
		{B181C897-3065-400F-AD91-BCD2400FD365}.Release|Any CPU.ActiveCfg = Release|Any CPU
		{B181C897-3065-400F-AD91-BCD2400FD365}.Release|Any CPU.Build.0 = Release|Any CPU
		{4B471E16-E33B-4D1E-9F9F-9F58B2437155}.Debug|Any CPU.ActiveCfg = Debug|Any CPU
		{4B471E16-E33B-4D1E-9F9F-9F58B2437155}.Debug|Any CPU.Build.0 = Debug|Any CPU
		{4B471E16-E33B-4D1E-9F9F-9F58B2437155}.Release|Any CPU.ActiveCfg = Release|Any CPU
		{4B471E16-E33B-4D1E-9F9F-9F58B2437155}.Release|Any CPU.Build.0 = Release|Any CPU
	EndGlobalSection
	GlobalSection(SolutionProperties) = preSolution
		HideSolutionNode = FALSE
	EndGlobalSection
	GlobalSection(ExtensibilityGlobals) = postSolution
		SolutionGuid = {4F051B0F-D55E-4D89-A9A9-705834E06B1D}
	EndGlobalSection
EndGlobal
